dependencies:
- name: diamon-bank-common
  repository: file://../../diamon-bank-common
  version: 1.0.0
- name: zipkin
  repository: file://../../diamon-bank-services/zipkin
  version: 0.1.0
- name: configserver
  repository: file://../../diamon-bank-services/configserver
  version: 0.1.0
digest: sha256:25d8bb46f3b12928cc8e9dcc8e44217b29e12aa6bfae323ed962461030eec7f5
generated: "2023-07-07T00:56:34.594451515-05:00"
